{
    "_meta": {
        "hash": {
            "sha256": "ffd74b142d3eb63d0e8ece927aff065025d61a782937f117ba52659bb9b1eb72"
        },
        "pipfile-spec": 6,
        "requires": {
            "python_version": "3.5"
        },
        "sources": [
            {
                "name": "pypi",
                "url": "https://pypi.org/simple",
                "verify_ssl": true
            }
        ]
    },
    "default": {
        "aiohttp": {
            "hashes": [
                "sha256:0111b4c71d1121bfcbd392bbabd573d20f133f491161b87718a07976e0459c32",
                "sha256:14e2f6cd6bc9e40fc79d6d2573fc08231546418f116dcbd30942fb57eec92104",
                "sha256:2fcec70bcb60f86b1abdf2c9d28b65e53c52a2325001f2cf7ef7afa5bd5387f4",
                "sha256:3aaf110f4635db5a1d01f624e441cbcf9c23490d113d8b0c5727f119136d5663",
                "sha256:3d0a11291d70d82a58dd404a89f0a5294e2b2008cf33f8bbac91dbcf3241fcbe",
                "sha256:524107f04ead82e0684f4bcd915fc3d5c936dbcf86d017b8339e396005879085",
                "sha256:65388aeda85d72b8219c3f8ba33261bc8576da0852e758c555eb17ca2a3069c4",
                "sha256:6be8389b9de30d31946b1ed3cbec37427646851b763e2f4cab1ba0b87709c3af",
                "sha256:74ccdd450da8fb2ac29add97624ee4b573c8891b14c7b833a954343f05aa8772",
                "sha256:7a2029dcb3e59d70c4520ce95c477577962753b302e3b969c3c97043bd20bc40",
                "sha256:850061409274d2528ff78f773da680eab57efd08efadfe035a92c1c20a46964b",
                "sha256:8c14ca8069c0b04aa1c47ec26c494b56bf9dec8085c8cadc655b9cad9719a0df",
                "sha256:c45d2f20357f04ebb9957074a5139316c01c635f21a54f833ce560846dee795c",
                "sha256:cc1eee0746ab0c876e246960fdb5a839e63e673b8089c79a4c21f4cba66bcd00",
                "sha256:cca6a8715694e0913419b6c0712e33e77d59b73428dd7e9ff18e27851df53a94",
                "sha256:d367eba9aed4f10ee7a85cdfbfe2a2f492c36d0e34785b97cbc9e9c3b3168c12",
                "sha256:d5ea7feae3cd8e64469ca9d3a6da4981f251b884997007e073cdebc0919a3b55",
                "sha256:d944aacf988a32ccbe62d3f2533ed8beb1c08dbed96260c5f1cd76fae0539f5c",
                "sha256:dbe39eac8a05e2e3b6b8a656dce589bbe3a0d1ab2816e44e64b7595b7bfc1568",
                "sha256:dc118fae7e6353166a51caecc2044cd3390688fce57d2330b803fc86ffb48b2e",
                "sha256:e20e1b73e7da29b45915cde65fbec1693df221024522bbc38f017e6de101482a",
                "sha256:f25aac47a1b6e784de0dc4fae2ce1aeaf1c0717801632eec17a304b21e34056f"
            ],
            "index": "pypi",
            "version": "==2.3.6"
        },
        "appium-python-client": {
            "hashes": [
                "sha256:2ab1323cbbac1cac31cdb490c037f348535fd281fc63ed676c828aa38c4df695",
                "sha256:309f3f237daa56ff6035110056a1aa4afba879a2e55867833a229cca9093e9bd",
                "sha256:bd0524449764b30a7229ff0b7f9927487f99cf0d38c71446dea74dfde1288b60"
            ],
            "index": "pypi",
            "version": "==0.2"
        },
        "async-timeout": {
            "hashes": [
                "sha256:00cff4d2dce744607335cba84e9929c3165632da2d27970dbc55802a0c7873d0",
                "sha256:9093db5b8ddbe4b8f6885d1a6e0ad84ae3155464cbf6877c387605244c285f3c"
            ],
            "index": "pypi",
            "version": "==2.0.1"
        },
        "beautifulsoup4": {
            "hashes": [
                "sha256:11a9a27b7d3bddc6d86f59fb76afb70e921a25ac2d6cc55b40d072bd68435a76",
                "sha256:7015e76bf32f1f574636c4288399a6de66ce08fb7b2457f628a8d70c0fbabb11",
                "sha256:808b6ac932dccb0a4126558f7dfdcf41710dd44a4ef497a0bb59a77f9f078e89"
            ],
            "index": "pypi",
            "version": "==4.6.0"
        },
        "certifi": {
            "hashes": [
                "sha256:13e698f54293db9f89122b0581843a782ad0934a4fe0172d2a980ba77fc61bb7",
                "sha256:9fa520c1bacfb634fa7af20a76bcbd3d5fb390481724c597da32c719a7dca4b0"
            ],
            "version": "==2018.4.16"
        },
        "chardet": {
            "hashes": [
                "sha256:84ab92ed1c4d4f16916e05906b6b75a6c0fb5db821cc65e70cbd64a3e2a5eaae",
                "sha256:fc323ffcaeaed0e0a02bf4d117757b98aed530d9ed4531e3e15460124c106691"
            ],
            "version": "==3.0.4"
        },
        "click": {
            "hashes": [
                "sha256:29f99fc6125fbc931b758dc053b3114e55c77a6e4c6c3a2674a2dc986016381d",
                "sha256:f15516df478d5a56180fbf80e68f206010e6d160fc39fa508b65e035fd75130b"
            ],
            "version": "==6.7"
        },
        "cssselect": {
            "hashes": [
                "sha256:066d8bc5229af09617e24b3ca4d52f1f9092d9e061931f4184cd572885c23204",
                "sha256:3b5103e8789da9e936a68d993b70df732d06b8bb9a337a05ed4eb52c17ef7206"
            ],
            "version": "==1.0.3"
        },
        "cycler": {
            "hashes": [
                "sha256:1d8a5ae1ff6c5cf9b93e8811e581232ad8920aeec647c37316ceac982b08cb2d",
                "sha256:cd7b2d1018258d7247a71425e9f26463dfb444d411c39569972f4ce586b0c9d8"
            ],
            "version": "==0.10.0"
        },
        "django-pure-pagination": {
            "hashes": [
                "sha256:02b42561b8afb09f1fb6ac6dc81db13374f5f748640f31c8160a374274b54713"
            ],
            "index": "pypi",
            "version": "==0.3.0"
        },
        "flask": {
            "hashes": [
                "sha256:2271c0070dbcb5275fad4a82e29f23ab92682dc45f9dfbc22c02ba9b9322ce48",
                "sha256:a080b744b7e345ccfcbc77954861cb05b3c63786e93f2b3875e0913d44b43f05"
            ],
            "index": "pypi",
            "version": "==1.0.2"
        },
        "idna": {
            "hashes": [
                "sha256:2c6a5de3089009e3da7c5dde64a141dbc8551d5b7f6cf4ed7c2568d0cc520a8f",
                "sha256:8c7309c718f94b3a625cb648ace320157ad16ff131ae0af362c9f21b80ef6ec4"
            ],
            "version": "==2.6"
        },
        "itchat": {
            "hashes": [
                "sha256:3bbff1b3755bc7cab1f80e568da8bf4720eb4430143d550225ce37a8d9d0a4cb",
                "sha256:e54ad188853ced1173a96c8686201214a721c95bd3970e2d78fc7a23a552272c"
            ],
            "index": "pypi",
            "version": "==1.3.10"
        },
        "itsdangerous": {
            "hashes": [
                "sha256:cbb3fcf8d3e33df861709ecaf89d9e6629cff0a217bc2848f1b41cd30d360519"
            ],
            "version": "==0.24"
        },
        "jinja2": {
            "hashes": [
                "sha256:74c935a1b8bb9a3947c50a54766a969d4846290e1e788ea44c1392163723c3bd",
                "sha256:f84be1bb0040caca4cea721fcbbbbd61f9be9464ca236387158b0feea01914a4"
            ],
            "version": "==2.10"
        },
        "kiwisolver": {
            "hashes": [
                "sha256:0ee4ed8b3ae8f5f712b0aa9ebd2858b5b232f1b9a96b0943dceb34df2a223bc3",
                "sha256:0f7f532f3c94e99545a29f4c3f05637f4d2713e7fd91b4dd8abfc18340b86cd5",
                "sha256:1a078f5dd7e99317098f0e0d490257fd0349d79363e8c923d5bb76428f318421",
                "sha256:1aa0b55a0eb1bd3fa82e704f44fb8f16e26702af1a073cc5030eea399e617b56",
                "sha256:2874060b91e131ceeff00574b7c2140749c9355817a4ed498e82a4ffa308ecbc",
                "sha256:379d97783ba8d2934d52221c833407f20ca287b36d949b4bba6c75274bcf6363",
                "sha256:3b791ddf2aefc56382aadc26ea5b352e86a2921e4e85c31c1f770f527eb06ce4",
                "sha256:4329008a167fac233e398e8a600d1b91539dc33c5a3eadee84c0d4b04d4494fa",
                "sha256:45813e0873bbb679334a161b28cb9606d9665e70561fd6caa8863e279b5e464b",
                "sha256:53a5b27e6b5717bdc0125338a822605084054c80f382051fb945d2c0e6899a20",
                "sha256:66f82819ff47fa67a11540da96966fb9245504b7f496034f534b81cacf333861",
                "sha256:79e5fe3ccd5144ae80777e12973027bd2f4f5e3ae8eb286cabe787bed9780138",
                "sha256:8b6a7b596ce1d2a6d93c3562f1178ebd3b7bb445b3b0dd33b09f9255e312a965",
                "sha256:9576cb63897fbfa69df60f994082c3f4b8e6adb49cccb60efb2a80a208e6f996",
                "sha256:95a25d9f3449046ecbe9065be8f8380c03c56081bc5d41fe0fb964aaa30b2195",
                "sha256:aaec1cfd94f4f3e9a25e144d5b0ed1eb8a9596ec36d7318a504d813412563a85",
                "sha256:acb673eecbae089ea3be3dcf75bfe45fc8d4dcdc951e27d8691887963cf421c7",
                "sha256:b15bc8d2c2848a4a7c04f76c9b3dc3561e95d4dabc6b4f24bfabe5fd81a0b14f",
                "sha256:b1c240d565e977d80c0083404c01e4d59c5772c977fae2c483f100567f50847b",
                "sha256:ce3be5d520b4d2c3e5eeb4cd2ef62b9b9ab8ac6b6fedbaa0e39cdb6f50644278",
                "sha256:e0f910f84b35c36a3513b96d816e6442ae138862257ae18a0019d2fc67b041dc",
                "sha256:ea36e19ac0a483eea239320aef0bd40702404ff8c7e42179a2d9d36c5afcb55c",
                "sha256:f923406e6b32c86309261b8195e24e18b6a8801df0cfc7814ac44017bfcb3939"
            ],
            "version": "==1.0.1"
        },
        "lxml": {
            "hashes": [
                "sha256:01c45df6d90497c20aa2a07789a41941f9a1029faa30bf725fc7f6d515b1afe9",
                "sha256:0c9fef4f8d444e337df96c54544aeb85b7215b2ed7483bb6c35de97ac99f1bcd",
                "sha256:0e3cd94c95d30ba9ca3cff40e9b2a14e1a10a4fd8131105b86c6b61648f57e4b",
                "sha256:0e7996e9b46b4d8b4ac1c329a00e2d10edcd8380b95d2a676fccabf4c1dd0512",
                "sha256:1858b1933d483ec5727549d3fe166eeb54229fbd6a9d3d7ea26d2c8a28048058",
                "sha256:1b164bba1320b14905dcff77da10d5ce9c411ac4acc4fb4ed9a2a4d10fae38c9",
                "sha256:1b46f37927fa6cd1f3fe34b54f1a23bd5bea1d905657289e08e1297069a1a597",
                "sha256:231047b05907315ae9a9b6925751f9fd2c479cf7b100fff62485a25e382ca0d4",
                "sha256:28f0c6652c1b130f1e576b60532f84b19379485eb8da6185c29bd8c9c9bc97bf",
                "sha256:34d49d0f72dd82b9530322c48b70ac78cca0911275da741c3b1d2f3603c5f295",
                "sha256:3682a17fbf72d56d7e46db2e80ca23850b79c28cfe75dcd9b82f58808f730909",
                "sha256:3cf2830b9a6ad7f6e965fa53a768d4d2372a7856f20ffa6ce43d2fe9c0d34b19",
                "sha256:5b653c9379ce29ce271fbe1010c5396670f018e78b643e21beefbb3dc6d291de",
                "sha256:65a272821d5d8194358d6b46f3ca727fa56a6b63981606eac737c86d27309cdd",
                "sha256:691f2cd97cf026c611df1ea5055755eec7f878f2d4f4330dc8686583de6fc5fd",
                "sha256:6b6379495d3baacf7ed755ac68547c8dff6ce5d37bf370f0b7678888dc1283f9",
                "sha256:75322a531504d4f383264391d89993a42e286da8821ddc5ac315e57305cb84f0",
                "sha256:7f457cbda964257f443bac861d3a36732dcba8183149e7818ee2fb7c86901b94",
                "sha256:7ff1fc76d8804e0f870c343a72007ff587090c218b0f92d8ee784ac2b6eaf5b9",
                "sha256:8523fbde9c2216f3f2b950cb01ebe52e785eaa8a07ffeb456dd3576ca1b4fb9b",
                "sha256:8f37627f16e026523fca326f1b5c9a43534862fede6c3e99c2ba6a776d75c1ab",
                "sha256:a7182ea298cc3555ea56ffbb0748fe0d5e0d81451e2bc16d7f4645cd01b1ca70",
                "sha256:abbd2fb4a5a04c11b5e04eb146659a0cf67bb237dd3d7ca3b9994d3a9f826e55",
                "sha256:accc9f6b77bed0a6f267b4fae120f6008a951193d548cdbe9b61fc98a08b1cf8",
                "sha256:bd88c8ce0d1504fdfd96a35911dd4f3edfb2e560d7cfdb5a3d09aa571ae5fbae",
                "sha256:c557ad647facb3c0027a9d0af58853f905e85a0a2f04dcb73f8e665272fcdc3a",
                "sha256:defabb7fbb99f9f7b3e0b24b286a46855caef4776495211b066e9e6592d12b04",
                "sha256:e2629cdbcad82b83922a3488937632a4983ecc0fed3e5cfbf430d069382eeb9b"
            ],
            "index": "pypi",
            "version": "==4.2.1"
        },
        "markupsafe": {
            "hashes": [
                "sha256:a6be69091dac236ea9c6bc7d012beab42010fa914c459791d627dad4910eb665"
            ],
            "version": "==1.0"
        },
        "matplotlib": {
            "hashes": [
                "sha256:07055eb872fa109bd88f599bdb52065704b2e22d475b67675f345d75d32038a0",
                "sha256:0f2f253d6d51f5ed52a819921f8a0a8e054ce0daefcfbc2557e1c433f14dc77d",
                "sha256:1ef9fd285334bd6b0495b6de9d56a39dc95081577f27bafabcf28e0d318bed31",
                "sha256:3fb2db66ef98246bafc04b4ef4e9b0e73c6369f38a29716844e939d197df816a",
                "sha256:3fd90b407d1ab0dae686a4200030ce305526ff20b85a443dc490d194114b2dfa",
                "sha256:45dac8589ef1721d7f2ab0f48f986694494dfcc5d13a3e43a5cb6c816276094e",
                "sha256:4bb10087e09629ba3f9b25b6c734fd3f99542f93d71c5b9c023f28cb377b43a9",
                "sha256:4dc7ef528aad21f22be85e95725234c5178c0f938e2228ca76640e5e84d8cde8",
                "sha256:4f6a516d5ef39128bb16af7457e73dde25c30625c4916d8fbd1cc7c14c55e691",
                "sha256:70f0e407fbe9e97f16597223269c849597047421af5eb8b60dbaca0382037e78",
                "sha256:7b3d03c876684618e2a2be6abeb8d3a033c3a1bb38a786f751199753ef6227e6",
                "sha256:8944d311ce37bee1ba0e41a9b58dcf330ffe0cf29d7654c3d07c572215da68ac",
                "sha256:8ff08eaa25c66383fe3b6c7eb288da3c22dcedc4b110a0b592b35f68d0e093b2",
                "sha256:9d12378d6a236aa38326e27f3a29427b63edce4ce325745785aec1a7535b1f85",
                "sha256:abfd3d9390eb4f2d82cbcaa3a5c2834c581329b64eccb7a071ed9d5df27424f7",
                "sha256:bc4d7481f0e8ec94cb1afc4a59905d6274b3b4c389aba7a2539e071766671735",
                "sha256:dc0ba2080fd0cfdd07b3458ee4324d35806733feb2b080838d7094731d3f73d9",
                "sha256:f26fba7fc68994ab2805d77e0695417f9377a00d36ba4248b5d0f1e5adb08d24"
            ],
            "version": "==2.2.2"
        },
        "multidict": {
            "hashes": [
                "sha256:1a1d76374a1e7fe93acef96b354a03c1d7f83e7512e225a527d283da0d7ba5e0",
                "sha256:1d6e191965505652f194bc4c40270a842922685918a4f45e6936a6b15cc5816d",
                "sha256:295961a6a88f1199e19968e15d9b42f3a191c89ec13034dbc212bf9c394c3c82",
                "sha256:2be5af084de6c3b8e20d6421cb0346378a9c867dcf7c86030d6b0b550f9888e4",
                "sha256:2eb99617c7a0e9f2b90b64bc1fb742611718618572747d6f3d6532b7b78755ab",
                "sha256:4ba654c6b5ad1ae4a4d792abeb695b29ce981bb0f157a41d0fd227b385f2bef0",
                "sha256:5ba766433c30d703f6b2c17eb0b6826c6f898e5f58d89373e235f07764952314",
                "sha256:a59d58ee85b11f337b54933e8d758b2356fcdcc493248e004c9c5e5d11eedbe4",
                "sha256:a6e35d28900cf87bcc11e6ca9e474db0099b78f0be0a41d95bef02d49101b5b2",
                "sha256:b4df7ca9c01018a51e43937eaa41f2f5dce17a6382fda0086403bcb1f5c2cf8e",
                "sha256:bbd5a6bffd3ba8bfe75b16b5e28af15265538e8be011b0b9fddc7d86a453fd4a",
                "sha256:d870f399fcd58a1889e93008762a3b9a27cf7ea512818fc6e689f59495648355",
                "sha256:e9404e2e19e901121c3c5c6cffd5a8ae0d1d67919c970e3b3262231175713068"
            ],
            "version": "==4.3.1"
        },
        "numpy": {
            "hashes": [
                "sha256:0074d42e2cc333800bd09996223d40ec52e3b1ec0a5cab05dacc09b662c4c1ae",
                "sha256:034717bfef517858abc79324820a702dc6cd063effb9baab86533e8a78670689",
                "sha256:0db6301324d0568089663ef2701ad90ebac0e975742c97460e89366692bd0563",
                "sha256:1864d005b2eb7598063e35c320787d87730d864f40d6410f768fe4ea20672016",
                "sha256:46ce8323ca9384814c7645298b8b627b7d04ce97d6948ef02da357b2389d6972",
                "sha256:510863d606c932b41d2209e4de6157ab3fdf52001d3e4ad351103176d33c4b8b",
                "sha256:560e23a12e7599be8e8b67621396c5bc687fd54b48b890adbc71bc5a67333f86",
                "sha256:57dc6c22d59054542600fce6fae2d1189b9c50bafc1aab32e55f7efcc84a6c46",
                "sha256:760550fdf9d8ec7da9c4402a4afe6e25c0f184ae132011676298a6b636660b45",
                "sha256:8670067685051b49d1f2f66e396488064299fefca199c7c80b6ba0c639fedc98",
                "sha256:9016692c7d390f9d378fc88b7a799dc9caa7eb938163dda5276d3f3d6f75debf",
                "sha256:98ff275f1b5907490d26b30b6ff111ecf2de0254f0ab08833d8fe61aa2068a00",
                "sha256:9ccf4d5c9139b1e985db915039baa0610a7e4a45090580065f8d8cb801b7422f",
                "sha256:a8dbab311d4259de5eeaa5b4e83f5f8545e4808f9144e84c0f424a6ee55a7b98",
                "sha256:aaef1bea636b6e552bbc5dae0ada87d4f6046359daaa97a05a013b0169620f27",
                "sha256:b8987e30d9a0eb6635df9705a75cf8c4a2835590244baecf210163343bc65176",
                "sha256:c3fe23df6fe0898e788581753da453f877350058c5982e85a8972feeecb15309",
                "sha256:c5eb7254cfc4bd7a4330ad7e1f65b98343836865338c57b0e25c661e41d5cfd9",
                "sha256:c80fcf9b38c7f4df666150069b04abbd2fe42ae640703a6e1f128cda83b552b7",
                "sha256:e33baf50f2f6b7153ddb973601a11df852697fba4c08b34a5e0f39f66f8120e1",
                "sha256:e8578a62a8eaf552b95d62f630bb5dd071243ba1302bbff3e55ac48588508736",
                "sha256:f22b3206f1c561dd9110b93d144c6aaa4a9a354e3b07ad36030df3ea92c5bb5b",
                "sha256:f39afab5769b3aaa786634b94b4a23ef3c150bdda044e8a32a3fc16ddafe803b"
            ],
            "version": "==1.14.3"
        },
        "oauthlib": {
            "hashes": [
                "sha256:ac35665a61c1685c56336bda97d5eefa246f1202618a1d6f34fccb1bdd404162",
                "sha256:d883b36b21a6ad813953803edfa563b1b579d79ca758fe950d1bc9e8b326025b"
            ],
            "version": "==2.1.0"
        },
        "pillow": {
            "hashes": [
                "sha256:00633bc2ec40313f4daf351855e506d296ec3c553f21b66720d0f1225ca84c6f",
                "sha256:03514478db61b034fc5d38b9bf060f994e5916776e93f02e59732a8270069c61",
                "sha256:040144ba422216aecf7577484865ade90e1a475f867301c48bf9fbd7579efd76",
                "sha256:16246261ff22368e5e32ad74d5ef40403ab6895171a7fc6d34f6c17cfc0f1943",
                "sha256:1cb38df69362af35c14d4a50123b63c7ff18ec9a6d4d5da629a6f19d05e16ba8",
                "sha256:2400e122f7b21d9801798207e424cbe1f716cee7314cd0c8963fdb6fc564b5fb",
                "sha256:2ee6364b270b56a49e8b8a51488e847ab130adc1220c171bed6818c0d4742455",
                "sha256:3b4560c3891b05022c464b09121bd507c477505a4e19d703e1027a3a7c68d896",
                "sha256:41374a6afb3f44794410dab54a0d7175e6209a5a02d407119c81083f1a4c1841",
                "sha256:438a3faf5f702c8d0f80b9f9f9b8382cfa048ca6a0d64ef71b86b563b0ee0359",
                "sha256:472a124c640bde4d5468f6991c9fa7e30b723d84ac4195a77c6ab6aea30f2b9c",
                "sha256:4d32c8e3623a61d6e29ccd024066cd1ba556555abfb4cd714155020e00107e3f",
                "sha256:4d8077fd649ac40a5c4165f2c22fa2a4ad18c668e271ecb2f9d849d1017a9313",
                "sha256:62ec7ae98357fcd46002c110bb7cad15fce532776f0cbe7ca1d44c49b837d49d",
                "sha256:6c7cab6a05351cf61e469937c49dbf3cdf5ffb3eeac71f8d22dc9be3507598d8",
                "sha256:6eca36905444c4b91fe61f1b9933a47a30480738a1dd26501ff67d94fc2bc112",
                "sha256:74e2ebfd19c16c28ad43b8a28ff73b904ed382ea4875188838541751986e8c9a",
                "sha256:7673e7473a13107059377c96c563aa36f73184c29d2926882e0a0210b779a1e7",
                "sha256:81762cf5fca9a82b53b7b2d0e6b420e0f3b06167b97678c81d00470daa622d58",
                "sha256:8554bbeb4218d9cfb1917c69e6f2d2ad0be9b18a775d2162547edf992e1f5f1f",
                "sha256:9b66e968da9c4393f5795285528bc862c7b97b91251f31a08004a3c626d18114",
                "sha256:a00edb2dec0035e98ac3ec768086f0b06dfabb4ad308592ede364ef573692f55",
                "sha256:b48401752496757e95304a46213c3155bc911ac884bed2e9b275ce1c1df3e293",
                "sha256:b6cf18f9e653a8077522bb3aa753a776b117e3e0cc872c25811cfdf1459491c2",
                "sha256:bb8adab1877e9213385cbb1adc297ed8337e01872c42a30cfaa66ff8c422779c",
                "sha256:c8a4b39ba380b57a31a4b5449a9d257b1302d8bc4799767e645dcee25725efe1",
                "sha256:cee9bc75bff455d317b6947081df0824a8f118de2786dc3d74a3503fd631f4ef",
                "sha256:d0dc1313dff48af64517cbbd85e046d6b477fbe5e9d69712801f024dcb08c62b",
                "sha256:d5bf527ed83617edd1855a5c923eeeaf68bcb9ac0ceb28e3f19b575b3a424984",
                "sha256:df5863a21f91de5ecdf7d32a32f406dd9867ebb35d41033b8bd9607a21887599",
                "sha256:e39142332541ed2884c257495504858b22c078a5d781059b07aba4c3a80d7551",
                "sha256:e52e8f675ba0b2b417fa98579e7286a41a8e23871f17f4793772f5aa884fea79",
                "sha256:e6dd55d5d94b9e36929325dd0c9ab85bfde84a5fc35947c334c32af1af668944",
                "sha256:e87cc1acbebf263f308a8494272c2d42016aa33c32bf14d209c81e1f65e11868",
                "sha256:ea0091cd4100519cedfeea2c659f52291f535ac6725e2368bcf59e874f270efa",
                "sha256:eeb247f4f4d962942b3b555530b0c63b77473c7bfe475e51c6b75b7344b49ce3",
                "sha256:f0d4433adce6075efd24fc0285135248b0b50f5a58129c7e552030e04fe45c7f",
                "sha256:f1f3bd92f8e12dc22884935a73c9f94c4d9bd0d34410c456540713d6b7832b8c",
                "sha256:f42a87cbf50e905f49f053c0b1fb86c911c730624022bf44c8857244fc4cdaca",
                "sha256:f5f302db65e2e0ae96e26670818157640d3ca83a3054c290eff3631598dcf819",
                "sha256:f7634d534662bbb08976db801ba27a112aee23e597eeaf09267b4575341e45bf",
                "sha256:fdd374c02e8bb2d6468a85be50ea66e1c4ef9e809974c30d8576728473a6ed03",
                "sha256:fe6931db24716a0845bd8c8915bd096b77c2a7043e6fc59ae9ca364fe816f08b"
            ],
            "index": "pypi",
            "version": "==5.1.0"
        },
        "pymongo": {
            "hashes": [
                "sha256:051770590ddbd5fb7db17d3315d4c1b0f18039d830dd18e1bae39451c30d31cd",
                "sha256:061085dfe4fbf1d9d6ed2f2e52fe6ab72559e48b4294370b433751638160d10b",
                "sha256:07fdee1c5567f237796a8550233e04853785d8dcf95929f96ab519ed91543109",
                "sha256:0d98731aaea8cb32b535c376f6785927e4e3d9459ffe1440b8a639827a849350",
                "sha256:10f683950f70626ccedf4a662d1c0b3244e8e013c2067872af5633830abd1bfd",
                "sha256:192ee5e33821931f4ec6df5fff4361220c0c92bb5b7437c6db52e20a0c9b4d98",
                "sha256:2954b99cfeb76776879e9f8a4cae9c5e19d5eff92d0b7b663ceddcf192adb66b",
                "sha256:36a992e02fced328de5304145dc3729a8cea12e58ad34b842a6f46d7941c9fc7",
                "sha256:419ed5d5b76ef304815f354d9df7f2085acfd6ff7cc1b714ca702e2239b341c2",
                "sha256:42ec201fd9a26e7c1e611e3db19324dead51dd4646391492eb238b41749340e8",
                "sha256:4400fa92af310bf66b76c313c7ded3bb63f3d63b4f43c3bfbff552cf294dc9fa",
                "sha256:44abdc26989600bb03b62d57616ec7c1b9182290720167c39e38c3a2b0d44e44",
                "sha256:45fb9f589c0f35436dbe391c53a387ffffa8d086b8521a86fca4f3e1d0edbf71",
                "sha256:4807dfbb5cdcfe0224329992dc48b897c780d0ad7553c3799d34f84ba5cab446",
                "sha256:54daf67e1e7e7e5a5160c86123bdd39b1d3b25876c2ab38230dc2a764cb3d98f",
                "sha256:5f2814a9492a724fd77c90ffc01f810276ef9972ae02587bfaae40835f9b8407",
                "sha256:5fd6ce5ed3c6c92d2c94756e6bf041304e5c7c5a5dbea31b8957d52a78bdf01d",
                "sha256:601e00fe7fb283f04c95f5dafb787c0862f48ca015a6f1f81b460c74e4303873",
                "sha256:63a47a97b5cb4c67c86552b15e08df12ff026a648211120adf5ebe00453e85e9",
                "sha256:6c4459d5c2b45ba55e14360e03078426015c1b0881facaec51bd9bd9e2304cec",
                "sha256:7fbd9233e8b6741b047c5857e2ad5efb74091f167d7fa8a2a3379217165058f9",
                "sha256:7ffac35362c07c103b024b89875e8d7f0625129b65c56fa8a3ecebbd56110405",
                "sha256:833bc6cb2ec7058dea9f5840a9314ac74738d2117486a044e88f3976e37ea7a0",
                "sha256:92cb26a2a9b38e8df5215803f950b20a6c847d5e00d1dd125eaa84f05f9472d7",
                "sha256:97d6a218c4ad4f8fdde0143776d5224e884cbcfe631e7446379fa1790d8cf04f",
                "sha256:9e5f0e8967d95a256038817460844a8aab588b9bc9ba6296507a1863960a0e44",
                "sha256:9e6db7ff63fb836d56e62216e10e868c23a99f3cb02875411eb2cb787acf58c7",
                "sha256:a0a695eef38c15570f6da3b4900e1a1d85fa92c754177d5f05267b49da79c92b",
                "sha256:aa46076524471729430afacca3dd8ad4578878eca6fc9e2b593a0b381b5bbeb7",
                "sha256:abf83b908e535b1386a7732825994e6e36eff6394c1829f3e7a23888136484fa",
                "sha256:adb2dba52c8a2a2d7bcd3b267f7bbf7c822850cf6a7cd15211b9f386c3a670ef",
                "sha256:ae7b3479822a03f6f651913de84ba67101f23e051ae88034085e974f472dcfff",
                "sha256:c596af57286ef28cae7a48e3070d222f96f5f0eab76ad39d680ae6b9bbc957c7",
                "sha256:cc15b30f0ac518e6cbd4b6e6e6162f8aa14edfe255d0841146f146151bd58865",
                "sha256:d23498d62063b715078947bef48fa4d34dc354f3b268ed15dc6b46fc809a88e9",
                "sha256:dd29bb5bc9068ccc248c8c145efd839421f04363b468b47cfa2d4902ca369afe",
                "sha256:e2745dd408a26d4517702d1686afc8e1e1638d2167e857c684f912192cc00dcf",
                "sha256:e53ad0cc6c489f83e7f6bb6121aa73bb6f6488410024a3bd77c16af1aa3a1000",
                "sha256:ecb11113407d919f8714cc7d0841985044633d0b561ef3d797e1b494a3e73537",
                "sha256:ece2c2add66d3ec2720a963bf073ca11fc3b0b58159767fc3bc5ddaad791d481",
                "sha256:ef25c8675f5c8c19832f69cd97d728d99bb4ab9c3b200e28a5c8416631afaf3c",
                "sha256:f62a818d643776873713c5676f17bd95ac4176220b13dd12c14edd3a450d1ac9",
                "sha256:f7ebcb846962ee40374db2d9014a89bea9c983ae63c1877957c3a0a756974796"
            ],
            "index": "pypi",
            "version": "==3.6.1"
        },
        "pymysql": {
            "hashes": [
                "sha256:2e77a2a193b1d21d51934c4ca055c88971eb6c6fc6e381b428c081bc14b215f8",
                "sha256:34e19bfff13e8b2ffc38a68f9ad064609d48f3d46320e8ab8184af527e662629"
            ],
            "index": "pypi",
            "version": "==0.8.1"
        },
        "pyocr": {
            "hashes": [
                "sha256:9ee8b5f38dd966ca531115fc5fe4715f7fa8961a9f14cd5109c2d938c17a2043"
            ],
            "index": "pypi",
            "version": "==0.5.1"
        },
        "pyparsing": {
            "hashes": [
                "sha256:0832bcf47acd283788593e7a0f542407bd9550a55a8a8435214a1960e04bcb04",
                "sha256:281683241b25fe9b80ec9d66017485f6deff1af5cde372469134b56ca8447a07",
                "sha256:8f1e18d3fd36c6795bb7e02a39fd05c611ffc2596c1e0d995d34d67630426c18",
                "sha256:9e8143a3e15c13713506886badd96ca4b579a87fbdf49e550dbfc057d6cb218e",
                "sha256:b8b3117ed9bdf45e14dcc89345ce638ec7e0e29b2b579fa1ecf32ce45ebac8a5",
                "sha256:e4d45427c6e20a59bf4f88c639dcc03ce30d193112047f94012102f235853a58",
                "sha256:fee43f17a9c4087e7ed1605bd6df994c6173c1e977d7ade7b651292fab2bd010"
            ],
            "version": "==2.2.0"
        },
        "pypng": {
            "hashes": [
                "sha256:985a1306319e3187e2cb3dabec95a7a0f0f281ae2e1fec04289bed520fecd932"
            ],
            "version": "==0.0.18"
        },
        "pyqrcode": {
            "hashes": [
                "sha256:1b2812775fa6ff5c527977c4cd2ccb07051ca7d0bc0aecf937a43864abe5eff6",
                "sha256:fdbf7634733e56b72e27f9bce46e4550b75a3a2c420414035cae9d9d26b234d5"
            ],
            "version": "==1.2.1"
        },
        "pyquery": {
            "hashes": [
                "sha256:07987c2ed2aed5cba29ff18af95e56e9eb04a2249f42ce47bddfb37f487229a3",
                "sha256:4771db76bd14352eba006463656aef990a0147a0eeaf094725097acfa90442bf"
            ],
            "index": "pypi",
            "version": "==1.4.0"
        },
        "pysocks": {
            "hashes": [
                "sha256:3fe52c55890a248676fd69dc9e3c4e811718b777834bcaab7a8125cf9deac672"
            ],
            "version": "==1.6.8"
        },
        "python-dateutil": {
            "hashes": [
                "sha256:1adb80e7a782c12e52ef9a8182bebeb73f1d7e24e374397af06fb4956c8dc5c0",
                "sha256:e27001de32f627c22380a688bcc43ce83504a7bc5da472209b4c70f02829f0b8"
            ],
            "version": "==2.7.3"
        },
        "pytz": {
            "hashes": [
                "sha256:65ae0c8101309c45772196b21b74c46b2e5d11b6275c45d251b150d5da334555",
                "sha256:c06425302f2cf668f1bba7a0a03f3c1d34d4ebeef2c72003da308b3947c7f749"
            ],
            "version": "==2018.4"
        },
        "redis": {
            "hashes": [
                "sha256:8a1900a9f2a0a44ecf6e8b5eb3e967a9909dfed219ad66df094f27f7d6f330fb",
                "sha256:a22ca993cea2962dbb588f9f30d0015ac4afcc45bee27d3978c0dbe9e97c6c0f"
            ],
            "index": "pypi",
            "version": "==2.10.6"
        },
        "requests": {
            "hashes": [
                "sha256:6a1b267aa90cac58ac3a765d067950e7dbbf75b1da07e895d1f594193a40a38b",
                "sha256:9c443e7324ba5b85070c4a818ade28bfabedf16ea10206da1132edaa6dda237e"
            ],
            "index": "pypi",
            "version": "==2.18.4"
        },
        "requests-oauthlib": {
            "hashes": [
                "sha256:8886bfec5ad7afb391ed5443b1f697c6f4ae98d0e5620839d8b4499c032ada3f",
                "sha256:e21232e2465808c0e892e0e4dbb8c2faafec16ac6dc067dd546e9b466f3deac8",
                "sha256:fe3282f48fb134ee0035712159f5429215459407f6d5484013343031ff1a400d"
            ],
            "index": "pypi",
            "version": "==1.0.0"
        },
        "selenium": {
            "hashes": [
                "sha256:1372101ad23798462038481f92ba1c7fab8385c788b05da6b44318f10ea52422",
                "sha256:b8a2630fd858636c894960726ca3c94d8277e516ea3a9d81614fb819a5844764"
            ],
            "index": "pypi",
            "version": "==3.12.0"
        },
        "six": {
            "hashes": [
                "sha256:70e8a77beed4562e7f14fe23a786b54f6296e34344c23bc42f07b15018ff98e9",
                "sha256:832dc0e10feb1aa2c68dcc57dbb658f1c7e65b9b61af69048abc87a2db00a0eb"
            ],
            "version": "==1.11.0"
        },
        "urllib3": {
            "hashes": [
                "sha256:06330f386d6e4b195fbfc736b297f58c5a892e4440e54d294d7004e3a9bbea1b",
                "sha256:cc44da8e1145637334317feebd728bd869a35285b93cbb4cca2577da7e62db4f"
            ],
            "version": "==1.22"
        },
        "werkzeug": {
            "hashes": [
                "sha256:c3fd7a7d41976d9f44db327260e263132466836cef6f91512889ed60ad26557c",
                "sha256:d5da73735293558eb1651ee2fddc4d0dedcfa06538b8813a2e20011583c9e49b"
            ],
            "version": "==0.14.1"
        },
        "wordcloud": {
            "hashes": [
                "sha256:f52e719dfefc499806539258961d6513f97d2eb28f9870827839eaff1e77d8ea"
            ],
            "index": "pypi",
            "version": "==1.4.1"
        },
        "yarl": {
            "hashes": [
                "sha256:3278209d78d534d59ee44f595e54ee4d3a164fa77319ffbd418b1978edf71748",
                "sha256:32a52453fc20153e34d2cf99f1a2f4c3d144e320896f1f89b5ee89bb41e877be",
                "sha256:48f3807855b69414a41e70908e502d6dbf563e3eca22f73d1344aad9270a4ff9",
                "sha256:4c2d780cb0b669bf027da57a0834d4968ed55c89f1593cfd11be8108bff699e2",
                "sha256:843c90c7a2756c033e9bb4464f789e21bc33f561c1e6c0ef7569f452b33a761a",
                "sha256:8765ebd034d0dc812a311b31251dffb434c753fc7124487912a5bca7baeb5c9b",
                "sha256:a2dda88459cfe50f4f6a225d2f51e3fffb0c3c18f4c3a3ac38d9dc054f8c37b0",
                "sha256:ac574aa2c45185e038489ff8f3bebd9269dd8327e86c72d9a7f83a1d3ad9eec4",
                "sha256:ce5963f2451661a435721d8907a824daea52aad6e3bee9b4104e75d19269cdae",
                "sha256:ceae77215870ecaba555b2e74dd308de9abe6d44b0eecafae6ecef4a14e289f8",
                "sha256:cec06d4272c2ced65308daf63360daeea5061c030fe28f75e499afd735cee860",
                "sha256:ee506bc321b455b4a410724ec9c0ad4940932553523c6e7b69f0155269793734",
                "sha256:fbbb10276d53629c0300cfd4a2092e3bbfa9a5aa95cd49808e01c59492052077"
            ],
            "index": "pypi",
            "version": "==1.2.0"
        }
    },
    "develop": {
        "astroid": {
            "hashes": [
                "sha256:032f6e09161e96f417ea7fad46d3fac7a9019c775f202182c22df0e4f714cb1c",
                "sha256:dea42ae6e0b789b543f728ddae7ddb6740ba33a49fb52c4a4d9cb7bb4aa6ec09"
            ],
            "version": "==1.6.4"
        },
        "isort": {
            "hashes": [
                "sha256:1153601da39a25b14ddc54955dbbacbb6b2d19135386699e2ad58517953b34af",
                "sha256:b9c40e9750f3d77e6e4d441d8b0266cf555e7cdabdcff33c4fd06366ca761ef8",
                "sha256:ec9ef8f4a9bc6f71eec99e1806bfa2de401650d996c59330782b89a5555c1497"
            ],
            "version": "==4.3.4"
        },
        "lazy-object-proxy": {
            "hashes": [
                "sha256:0ce34342b419bd8f018e6666bfef729aec3edf62345a53b537a4dcc115746a33",
                "sha256:1b668120716eb7ee21d8a38815e5eb3bb8211117d9a90b0f8e21722c0758cc39",
                "sha256:209615b0fe4624d79e50220ce3310ca1a9445fd8e6d3572a896e7f9146bbf019",
                "sha256:27bf62cb2b1a2068d443ff7097ee33393f8483b570b475db8ebf7e1cba64f088",
                "sha256:27ea6fd1c02dcc78172a82fc37fcc0992a94e4cecf53cb6d73f11749825bd98b",
                "sha256:2c1b21b44ac9beb0fc848d3993924147ba45c4ebc24be19825e57aabbe74a99e",
                "sha256:2df72ab12046a3496a92476020a1a0abf78b2a7db9ff4dc2036b8dd980203ae6",
                "sha256:320ffd3de9699d3892048baee45ebfbbf9388a7d65d832d7e580243ade426d2b",
                "sha256:50e3b9a464d5d08cc5227413db0d1c4707b6172e4d4d915c1c70e4de0bbff1f5",
                "sha256:5276db7ff62bb7b52f77f1f51ed58850e315154249aceb42e7f4c611f0f847ff",
                "sha256:61a6cf00dcb1a7f0c773ed4acc509cb636af2d6337a08f362413c76b2b47a8dd",
                "sha256:6ae6c4cb59f199d8827c5a07546b2ab7e85d262acaccaacd49b62f53f7c456f7",
                "sha256:7661d401d60d8bf15bb5da39e4dd72f5d764c5aff5a86ef52a042506e3e970ff",
                "sha256:7bd527f36a605c914efca5d3d014170b2cb184723e423d26b1fb2fd9108e264d",
                "sha256:7cb54db3535c8686ea12e9535eb087d32421184eacc6939ef15ef50f83a5e7e2",
                "sha256:7f3a2d740291f7f2c111d86a1c4851b70fb000a6c8883a59660d95ad57b9df35",
                "sha256:81304b7d8e9c824d058087dcb89144842c8e0dea6d281c031f59f0acf66963d4",
                "sha256:933947e8b4fbe617a51528b09851685138b49d511af0b6c0da2539115d6d4514",
                "sha256:94223d7f060301b3a8c09c9b3bc3294b56b2188e7d8179c762a1cda72c979252",
                "sha256:ab3ca49afcb47058393b0122428358d2fbe0408cf99f1b58b295cfeb4ed39109",
                "sha256:bd6292f565ca46dee4e737ebcc20742e3b5be2b01556dafe169f6c65d088875f",
                "sha256:cb924aa3e4a3fb644d0c463cad5bc2572649a6a3f68a7f8e4fbe44aaa6d77e4c",
                "sha256:d0fc7a286feac9077ec52a927fc9fe8fe2fabab95426722be4c953c9a8bede92",
                "sha256:ddc34786490a6e4ec0a855d401034cbd1242ef186c20d79d2166d6a4bd449577",
                "sha256:e34b155e36fa9da7e1b7c738ed7767fc9491a62ec6af70fe9da4a057759edc2d",
                "sha256:e5b9e8f6bda48460b7b143c3821b21b452cb3a835e6bbd5dd33aa0c8d3f5137d",
                "sha256:e81ebf6c5ee9684be8f2c87563880f93eedd56dd2b6146d8a725b50b7e5adb0f",
                "sha256:eb91be369f945f10d3a49f5f9be8b3d0b93a4c2be8f8a5b83b0571b8123e0a7a",
                "sha256:f460d1ceb0e4a5dcb2a652db0904224f367c9b3c1470d5a7683c0480e582468b"
            ],
            "version": "==1.3.1"
        },
        "mccabe": {
            "hashes": [
                "sha256:ab8a6258860da4b6677da4bd2fe5dc2c659cff31b3ee4f7f5d64e79735b80d42",
                "sha256:dd8d182285a0fe56bace7f45b5e7d1a6ebcbf524e8f3bd87eb0f125271b8831f"
            ],
            "version": "==0.6.1"
        },
        "pylint": {
            "hashes": [
                "sha256:aa519865f8890a5905fa34924fed0f3bfc7d84fc9f9142c16dac52ffecd25a39",
                "sha256:c353d8225195b37cc3aef18248b8f3fe94c5a6a95affaf885ae21a24ca31d8eb"
            ],
            "index": "pypi",
            "version": "==1.9.1"
        },
        "six": {
            "hashes": [
                "sha256:70e8a77beed4562e7f14fe23a786b54f6296e34344c23bc42f07b15018ff98e9",
                "sha256:832dc0e10feb1aa2c68dcc57dbb658f1c7e65b9b61af69048abc87a2db00a0eb"
            ],
            "version": "==1.11.0"
        },
        "wrapt": {
            "hashes": [
                "sha256:d4d560d479f2c21e1b5443bbd15fe7ec4b37fe7e53d335d3b9b0a7b1226fe3c6"
            ],
            "version": "==1.10.11"
        }
    }
}
